
Microsoft Visual Studio Solution File, Format Version 12.00
# Visual Studio Version 16
VisualStudioVersion = 16.0.30002.166
MinimumVisualStudioVersion = 10.0.40219.1
Project("{FAE04EC0-301F-11D3-BF4B-00C04F79EFBC}") = "MovableTowers", "MovableTowers\MovableTowers.csproj", "{BF14481A-66B8-4CB5-B92B-16CA4E26CF7E}"
EndProject
Project("{FAE04EC0-301F-11D3-BF4B-00C04F79EFBC}") = "AddedTowers", "AddedTowers\AddedTowers.csproj", "{8F5D13BF-2714-4CF9-AB58-D1916A08A088}"
EndProject
Global
	GlobalSection(SolutionConfigurationPlatforms) = preSolution
		Debug|Any CPU = Debug|Any CPU
		Release|Any CPU = Release|Any CPU
	EndGlobalSection
	GlobalSection(ProjectConfigurationPlatforms) = postSolution
		{BF14481A-66B8-4CB5-B92B-16CA4E26CF7E}.Debug|Any CPU.ActiveCfg = Debug|Any CPU
		{BF14481A-66B8-4CB5-B92B-16CA4E26CF7E}.Debug|Any CPU.Build.0 = Debug|Any CPU
		{BF14481A-66B8-4CB5-B92B-16CA4E26CF7E}.Release|Any CPU.ActiveCfg = Release|Any CPU
		{BF14481A-66B8-4CB5-B92B-16CA4E26CF7E}.Release|Any CPU.Build.0 = Release|Any CPU
		{8F5D13BF-2714-4CF9-AB58-D1916A08A088}.Debug|Any CPU.ActiveCfg = Debug|Any CPU
		{8F5D13BF-2714-4CF9-AB58-D1916A08A088}.Debug|Any CPU.Build.0 = Debug|Any CPU
		{8F5D13BF-2714-4CF9-AB58-D1916A08A088}.Release|Any CPU.ActiveCfg = Release|Any CPU
		{8F5D13BF-2714-4CF9-AB58-D1916A08A088}.Release|Any CPU.Build.0 = Release|Any CPU
	EndGlobalSection
	GlobalSection(SolutionProperties) = preSolution
		HideSolutionNode = FALSE
	EndGlobalSection
	GlobalSection(ExtensibilityGlobals) = postSolution
		SolutionGuid = {F6C4F67F-178F-404B-9BE3-69F1D1203572}
	EndGlobalSection
EndGlobal
